
Microsoft Visual Studio Solution File, Format Version 12.00
# Visual Studio Version 16
VisualStudioVersion = 16.0.30330.147
MinimumVisualStudioVersion = 10.0.40219.1
Project("{FAE04EC0-301F-11D3-BF4B-00C04F79EFBC}") = "BH_EmergentSoftware_Challenge", "BH_EmergentSoftware_Challenge\BH_EmergentSoftware_Challenge.csproj", "{80BD6160-FAA6-41B7-A804-1E9246074BAB}"
EndProject
Project("{FAE04EC0-301F-11D3-BF4B-00C04F79EFBC}") = "BH_EmergentSoftware_Challenge.Tests", "BH_EmergentSoftware_Challenge.Tests\BH_EmergentSoftware_Challenge.Tests.csproj", "{1BC804FB-329A-4794-B1AA-9E24303A283B}"
EndProject
Global
	GlobalSection(SolutionConfigurationPlatforms) = preSolution
		Debug|Any CPU = Debug|Any CPU
		Release|Any CPU = Release|Any CPU
	EndGlobalSection
	GlobalSection(ProjectConfigurationPlatforms) = postSolution
		{80BD6160-FAA6-41B7-A804-1E9246074BAB}.Debug|Any CPU.ActiveCfg = Debug|Any CPU
		{80BD6160-FAA6-41B7-A804-1E9246074BAB}.Debug|Any CPU.Build.0 = Debug|Any CPU
		{80BD6160-FAA6-41B7-A804-1E9246074BAB}.Release|Any CPU.ActiveCfg = Release|Any CPU
		{80BD6160-FAA6-41B7-A804-1E9246074BAB}.Release|Any CPU.Build.0 = Release|Any CPU
		{1BC804FB-329A-4794-B1AA-9E24303A283B}.Debug|Any CPU.ActiveCfg = Debug|Any CPU
		{1BC804FB-329A-4794-B1AA-9E24303A283B}.Debug|Any CPU.Build.0 = Debug|Any CPU
		{1BC804FB-329A-4794-B1AA-9E24303A283B}.Release|Any CPU.ActiveCfg = Release|Any CPU
		{1BC804FB-329A-4794-B1AA-9E24303A283B}.Release|Any CPU.Build.0 = Release|Any CPU
	EndGlobalSection
	GlobalSection(SolutionProperties) = preSolution
		HideSolutionNode = FALSE
	EndGlobalSection
	GlobalSection(ExtensibilityGlobals) = postSolution
		SolutionGuid = {E64433F1-925D-410D-A0FE-167260624318}
	EndGlobalSection
EndGlobal
